
Microsoft Visual Studio Solution File, Format Version 12.00
# Visual Studio Version 17
VisualStudioVersion = 17.2.32630.192
MinimumVisualStudioVersion = 10.0.40219.1
Project("{2150E333-8FDC-42A3-9474-1A3956D46DE8}") = "Library", "Library", "{E453E8F0-2C91-4486-8DEA-64001499E111}"
EndProject
Project("{2150E333-8FDC-42A3-9474-1A3956D46DE8}") = "Presentation", "Presentation", "{7D4A4B5D-D86C-45BA-896B-39CD7B39E5E4}"
EndProject
Project("{2150E333-8FDC-42A3-9474-1A3956D46DE8}") = "Utility", "Utility", "{EA8629EE-1690-4D71-A80C-E88B037D4ECF}"
EndProject
Project("{FAE04EC0-301F-11D3-BF4B-00C04F79EFBC}") = "WOW.Data", "WOW.Data\WOW.Data.csproj", "{797237D2-6B41-4A7F-B255-E27549813F63}"
EndProject
Project("{FAE04EC0-301F-11D3-BF4B-00C04F79EFBC}") = "WOW.Service", "WOW.Service\WOW.Service.csproj", "{A9E93851-7D52-4377-B134-BBC18F299694}"
EndProject
Project("{FAE04EC0-301F-11D3-BF4B-00C04F79EFBC}") = "WOW.Core", "WOW.Core\WOW.Core.csproj", "{2899D214-53FB-4EC6-AE91-AB1DF0F25839}"
EndProject
Project("{FAE04EC0-301F-11D3-BF4B-00C04F79EFBC}") = "WOW.Framework", "WOW.Framework\WOW.Framework.csproj", "{91CA594B-4BE9-41FB-A61E-42F963F1D76B}"
EndProject
Project("{FAE04EC0-301F-11D3-BF4B-00C04F79EFBC}") = "WOW.Web.Api", "WOW.Web.Api\WOW.Web.Api.csproj", "{6F88AAEE-3BE5-4038-B6C3-E08F1FBE8194}"
EndProject
Project("{FAE04EC0-301F-11D3-BF4B-00C04F79EFBC}") = "WOW.Web.UI", "WOW.Web.UI\WOW.Web.UI.csproj", "{A55155E5-03D5-46FD-89A6-FEE0F9A9A3BA}"
EndProject
Global
	GlobalSection(SolutionConfigurationPlatforms) = preSolution
		Debug|Any CPU = Debug|Any CPU
		Release|Any CPU = Release|Any CPU
	EndGlobalSection
	GlobalSection(ProjectConfigurationPlatforms) = postSolution
		{797237D2-6B41-4A7F-B255-E27549813F63}.Debug|Any CPU.ActiveCfg = Debug|Any CPU
		{797237D2-6B41-4A7F-B255-E27549813F63}.Debug|Any CPU.Build.0 = Debug|Any CPU
		{797237D2-6B41-4A7F-B255-E27549813F63}.Release|Any CPU.ActiveCfg = Release|Any CPU
		{797237D2-6B41-4A7F-B255-E27549813F63}.Release|Any CPU.Build.0 = Release|Any CPU
		{A9E93851-7D52-4377-B134-BBC18F299694}.Debug|Any CPU.ActiveCfg = Debug|Any CPU
		{A9E93851-7D52-4377-B134-BBC18F299694}.Debug|Any CPU.Build.0 = Debug|Any CPU
		{A9E93851-7D52-4377-B134-BBC18F299694}.Release|Any CPU.ActiveCfg = Release|Any CPU
		{A9E93851-7D52-4377-B134-BBC18F299694}.Release|Any CPU.Build.0 = Release|Any CPU
		{2899D214-53FB-4EC6-AE91-AB1DF0F25839}.Debug|Any CPU.ActiveCfg = Debug|Any CPU
		{2899D214-53FB-4EC6-AE91-AB1DF0F25839}.Debug|Any CPU.Build.0 = Debug|Any CPU
		{2899D214-53FB-4EC6-AE91-AB1DF0F25839}.Release|Any CPU.ActiveCfg = Release|Any CPU
		{2899D214-53FB-4EC6-AE91-AB1DF0F25839}.Release|Any CPU.Build.0 = Release|Any CPU
		{91CA594B-4BE9-41FB-A61E-42F963F1D76B}.Debug|Any CPU.ActiveCfg = Debug|Any CPU
		{91CA594B-4BE9-41FB-A61E-42F963F1D76B}.Debug|Any CPU.Build.0 = Debug|Any CPU
		{91CA594B-4BE9-41FB-A61E-42F963F1D76B}.Release|Any CPU.ActiveCfg = Release|Any CPU
		{91CA594B-4BE9-41FB-A61E-42F963F1D76B}.Release|Any CPU.Build.0 = Release|Any CPU
		{6F88AAEE-3BE5-4038-B6C3-E08F1FBE8194}.Debug|Any CPU.ActiveCfg = Debug|Any CPU
		{6F88AAEE-3BE5-4038-B6C3-E08F1FBE8194}.Debug|Any CPU.Build.0 = Debug|Any CPU
		{6F88AAEE-3BE5-4038-B6C3-E08F1FBE8194}.Release|Any CPU.ActiveCfg = Release|Any CPU
		{6F88AAEE-3BE5-4038-B6C3-E08F1FBE8194}.Release|Any CPU.Build.0 = Release|Any CPU
		{A55155E5-03D5-46FD-89A6-FEE0F9A9A3BA}.Debug|Any CPU.ActiveCfg = Debug|Any CPU
		{A55155E5-03D5-46FD-89A6-FEE0F9A9A3BA}.Debug|Any CPU.Build.0 = Debug|Any CPU
		{A55155E5-03D5-46FD-89A6-FEE0F9A9A3BA}.Release|Any CPU.ActiveCfg = Release|Any CPU
		{A55155E5-03D5-46FD-89A6-FEE0F9A9A3BA}.Release|Any CPU.Build.0 = Release|Any CPU
	EndGlobalSection
	GlobalSection(SolutionProperties) = preSolution
		HideSolutionNode = FALSE
	EndGlobalSection
	GlobalSection(NestedProjects) = preSolution
		{797237D2-6B41-4A7F-B255-E27549813F63} = {E453E8F0-2C91-4486-8DEA-64001499E111}
		{A9E93851-7D52-4377-B134-BBC18F299694} = {E453E8F0-2C91-4486-8DEA-64001499E111}
		{2899D214-53FB-4EC6-AE91-AB1DF0F25839} = {E453E8F0-2C91-4486-8DEA-64001499E111}
		{91CA594B-4BE9-41FB-A61E-42F963F1D76B} = {7D4A4B5D-D86C-45BA-896B-39CD7B39E5E4}
		{6F88AAEE-3BE5-4038-B6C3-E08F1FBE8194} = {7D4A4B5D-D86C-45BA-896B-39CD7B39E5E4}
		{A55155E5-03D5-46FD-89A6-FEE0F9A9A3BA} = {7D4A4B5D-D86C-45BA-896B-39CD7B39E5E4}
	EndGlobalSection
	GlobalSection(ExtensibilityGlobals) = postSolution
		SolutionGuid = {645C0F6C-1075-4044-A244-D617695BD295}
	EndGlobalSection
EndGlobal
